{
  "name": "@endless-trash/memory-key-value-store",
  "version": "0.0.0",
  "lockfileVersion": 1,
  "requires": true,
  "dependencies": {
    "@endless-trash/key-value-store": {
      "version": "0.0.3",
      "resolved": "https://registry.npmjs.org/@endless-trash/key-value-store/-/key-value-store-0.0.3.tgz",
      "integrity": "sha512-EAun35qKxurTwY7ri1UPfheJpeGICMBPcb5N8XZUUbIY37CDrA/ebCj13iwovM3RKDLgnq5wVVRPtNt4+ABXiA==",
      "dev": true
    }
  }
}
